
Microsoft Visual Studio Solution File, Format Version 12.00
# Visual Studio Version 17
VisualStudioVersion = 17.14.36414.22 d17.14
MinimumVisualStudioVersion = 10.0.40219.1
Project("{FAE04EC0-301F-11D3-BF4B-00C04F79EFBC}") = "StorageApp.User.Api", "StorageApp.User.Api\StorageApp.User.Api.csproj", "{372BE4D0-B2B3-4A0A-804A-26CE8AB10927}"
EndProject
Project("{FAE04EC0-301F-11D3-BF4B-00C04F79EFBC}") = "StorageApp.User.Infrastructure", "StorageApp.User.Infrastructure\StorageApp.User.Infrastructure.csproj", "{D80AAD69-DD8E-48B1-A546-A86DB069AFA8}"
EndProject
Project("{FAE04EC0-301F-11D3-BF4B-00C04F79EFBC}") = "StorageApp.User.Application", "StorageApp.User.Application\StorageApp.User.Application.csproj", "{AA5D730C-26FE-4C9C-974B-4BB26D5F6F9A}"
EndProject
Project("{FAE04EC0-301F-11D3-BF4B-00C04F79EFBC}") = "StorageApp.User.Domain", "StorageApp.User.Domain\StorageApp.User.Domain.csproj", "{D3E10C33-386A-480B-9E89-82F7045E4B8F}"
EndProject
Global
	GlobalSection(SolutionConfigurationPlatforms) = preSolution
		Debug|Any CPU = Debug|Any CPU
		Release|Any CPU = Release|Any CPU
	EndGlobalSection
	GlobalSection(ProjectConfigurationPlatforms) = postSolution
		{372BE4D0-B2B3-4A0A-804A-26CE8AB10927}.Debug|Any CPU.ActiveCfg = Debug|Any CPU
		{372BE4D0-B2B3-4A0A-804A-26CE8AB10927}.Debug|Any CPU.Build.0 = Debug|Any CPU
		{372BE4D0-B2B3-4A0A-804A-26CE8AB10927}.Release|Any CPU.ActiveCfg = Release|Any CPU
		{372BE4D0-B2B3-4A0A-804A-26CE8AB10927}.Release|Any CPU.Build.0 = Release|Any CPU
		{D80AAD69-DD8E-48B1-A546-A86DB069AFA8}.Debug|Any CPU.ActiveCfg = Debug|Any CPU
		{D80AAD69-DD8E-48B1-A546-A86DB069AFA8}.Debug|Any CPU.Build.0 = Debug|Any CPU
		{D80AAD69-DD8E-48B1-A546-A86DB069AFA8}.Release|Any CPU.ActiveCfg = Release|Any CPU
		{D80AAD69-DD8E-48B1-A546-A86DB069AFA8}.Release|Any CPU.Build.0 = Release|Any CPU
		{AA5D730C-26FE-4C9C-974B-4BB26D5F6F9A}.Debug|Any CPU.ActiveCfg = Debug|Any CPU
		{AA5D730C-26FE-4C9C-974B-4BB26D5F6F9A}.Debug|Any CPU.Build.0 = Debug|Any CPU
		{AA5D730C-26FE-4C9C-974B-4BB26D5F6F9A}.Release|Any CPU.ActiveCfg = Release|Any CPU
		{AA5D730C-26FE-4C9C-974B-4BB26D5F6F9A}.Release|Any CPU.Build.0 = Release|Any CPU
		{D3E10C33-386A-480B-9E89-82F7045E4B8F}.Debug|Any CPU.ActiveCfg = Debug|Any CPU
		{D3E10C33-386A-480B-9E89-82F7045E4B8F}.Debug|Any CPU.Build.0 = Debug|Any CPU
		{D3E10C33-386A-480B-9E89-82F7045E4B8F}.Release|Any CPU.ActiveCfg = Release|Any CPU
		{D3E10C33-386A-480B-9E89-82F7045E4B8F}.Release|Any CPU.Build.0 = Release|Any CPU
	EndGlobalSection
	GlobalSection(SolutionProperties) = preSolution
		HideSolutionNode = FALSE
	EndGlobalSection
	GlobalSection(ExtensibilityGlobals) = postSolution
		SolutionGuid = {BB0DDDA9-604D-4FD0-9E15-9BA237D961BE}
	EndGlobalSection
EndGlobal
